
Microsoft Visual Studio Solution File, Format Version 12.00
# Visual Studio Version 17
VisualStudioVersion = 17.13.35919.96 d17.13
MinimumVisualStudioVersion = 10.0.40219.1
Project("{FAE04EC0-301F-11D3-BF4B-00C04F79EFBC}") = "Practica 5", "Practica 5.csproj", "{8F5BE70B-6706-4660-84C0-F285C0E34D1F}"
EndProject
Global
	GlobalSection(SolutionConfigurationPlatforms) = preSolution
		Debug|Any CPU = Debug|Any CPU
		Release|Any CPU = Release|Any CPU
	EndGlobalSection
	GlobalSection(ProjectConfigurationPlatforms) = postSolution
		{8F5BE70B-6706-4660-84C0-F285C0E34D1F}.Debug|Any CPU.ActiveCfg = Debug|Any CPU
		{8F5BE70B-6706-4660-84C0-F285C0E34D1F}.Debug|Any CPU.Build.0 = Debug|Any CPU
		{8F5BE70B-6706-4660-84C0-F285C0E34D1F}.Release|Any CPU.ActiveCfg = Release|Any CPU
		{8F5BE70B-6706-4660-84C0-F285C0E34D1F}.Release|Any CPU.Build.0 = Release|Any CPU
	EndGlobalSection
	GlobalSection(SolutionProperties) = preSolution
		HideSolutionNode = FALSE
	EndGlobalSection
	GlobalSection(ExtensibilityGlobals) = postSolution
		SolutionGuid = {3BA0AA1D-DFB3-437E-A99D-3744C6D8BE7C}
	EndGlobalSection
EndGlobal
